
Microsoft Visual Studio Solution File, Format Version 12.00
# Visual Studio Version 16
VisualStudioVersion = 16.0.32929.386
MinimumVisualStudioVersion = 10.0.40219.1
Project("{8BC9CEB8-8B4A-11D0-8D11-00A0C91BC942}") = "聊天室", "聊天室.vcxproj", "{B98F8606-691C-4156-8BD8-B3F4933BDE6C}"
EndProject
Project("{8BC9CEB8-8B4A-11D0-8D11-00A0C91BC942}") = "server", "..\server\server.vcxproj", "{F82753A4-0728-4FDF-9A37-F347886F54BE}"
EndProject
Global
	GlobalSection(SolutionConfigurationPlatforms) = preSolution
		Debug|x64 = Debug|x64
		Debug|x86 = Debug|x86
		Release|x64 = Release|x64
		Release|x86 = Release|x86
	EndGlobalSection
	GlobalSection(ProjectConfigurationPlatforms) = postSolution
		{B98F8606-691C-4156-8BD8-B3F4933BDE6C}.Debug|x64.ActiveCfg = Debug|x64
		{B98F8606-691C-4156-8BD8-B3F4933BDE6C}.Debug|x64.Build.0 = Debug|x64
		{B98F8606-691C-4156-8BD8-B3F4933BDE6C}.Debug|x86.ActiveCfg = Debug|Win32
		{B98F8606-691C-4156-8BD8-B3F4933BDE6C}.Debug|x86.Build.0 = Debug|Win32
		{B98F8606-691C-4156-8BD8-B3F4933BDE6C}.Release|x64.ActiveCfg = Release|x64
		{B98F8606-691C-4156-8BD8-B3F4933BDE6C}.Release|x64.Build.0 = Release|x64
		{B98F8606-691C-4156-8BD8-B3F4933BDE6C}.Release|x86.ActiveCfg = Release|Win32
		{B98F8606-691C-4156-8BD8-B3F4933BDE6C}.Release|x86.Build.0 = Release|Win32
		{F82753A4-0728-4FDF-9A37-F347886F54BE}.Debug|x64.ActiveCfg = Debug|x64
		{F82753A4-0728-4FDF-9A37-F347886F54BE}.Debug|x64.Build.0 = Debug|x64
		{F82753A4-0728-4FDF-9A37-F347886F54BE}.Debug|x86.ActiveCfg = Debug|Win32
		{F82753A4-0728-4FDF-9A37-F347886F54BE}.Debug|x86.Build.0 = Debug|Win32
		{F82753A4-0728-4FDF-9A37-F347886F54BE}.Release|x64.ActiveCfg = Release|x64
		{F82753A4-0728-4FDF-9A37-F347886F54BE}.Release|x64.Build.0 = Release|x64
		{F82753A4-0728-4FDF-9A37-F347886F54BE}.Release|x86.ActiveCfg = Release|Win32
		{F82753A4-0728-4FDF-9A37-F347886F54BE}.Release|x86.Build.0 = Release|Win32
	EndGlobalSection
	GlobalSection(SolutionProperties) = preSolution
		HideSolutionNode = FALSE
	EndGlobalSection
	GlobalSection(ExtensibilityGlobals) = postSolution
		SolutionGuid = {481C47F4-032A-4078-8662-0E5CC98C7919}
	EndGlobalSection
EndGlobal
